
Microsoft Visual Studio Solution File, Format Version 12.00
# Visual Studio Version 16
VisualStudioVersion = 16.0.810.17
MinimumVisualStudioVersion = 10.0.40219.1
Project("{FAE04EC0-301F-11D3-BF4B-00C04F79EFBC}") = "buybaseapi", "buybaseapi\buybaseapi.csproj", "{4AAB42C3-9C28-4C4A-8CFB-13659E846DB4}"
EndProject
Project("{FAE04EC0-301F-11D3-BF4B-00C04F79EFBC}") = "buybaseapi.test", "buybaseapi.test\buybaseapi.test.csproj", "{16967B08-6728-422D-BE14-4DB6DE65D97F}"
EndProject
Global
	GlobalSection(SolutionConfigurationPlatforms) = preSolution
		Debug|Any CPU = Debug|Any CPU
		Release|Any CPU = Release|Any CPU
	EndGlobalSection
	GlobalSection(ProjectConfigurationPlatforms) = postSolution
		{4AAB42C3-9C28-4C4A-8CFB-13659E846DB4}.Debug|Any CPU.ActiveCfg = Debug|Any CPU
		{4AAB42C3-9C28-4C4A-8CFB-13659E846DB4}.Debug|Any CPU.Build.0 = Debug|Any CPU
		{4AAB42C3-9C28-4C4A-8CFB-13659E846DB4}.Release|Any CPU.ActiveCfg = Release|Any CPU
		{4AAB42C3-9C28-4C4A-8CFB-13659E846DB4}.Release|Any CPU.Build.0 = Release|Any CPU
		{16967B08-6728-422D-BE14-4DB6DE65D97F}.Debug|Any CPU.ActiveCfg = Debug|Any CPU
		{16967B08-6728-422D-BE14-4DB6DE65D97F}.Debug|Any CPU.Build.0 = Debug|Any CPU
		{16967B08-6728-422D-BE14-4DB6DE65D97F}.Release|Any CPU.ActiveCfg = Release|Any CPU
		{16967B08-6728-422D-BE14-4DB6DE65D97F}.Release|Any CPU.Build.0 = Release|Any CPU
	EndGlobalSection
	GlobalSection(SolutionProperties) = preSolution
		HideSolutionNode = FALSE
	EndGlobalSection
	GlobalSection(ExtensibilityGlobals) = postSolution
		SolutionGuid = {80988320-C87A-45D5-8A97-A61822EC528F}
	EndGlobalSection
EndGlobal
